
Microsoft Visual Studio Solution File, Format Version 12.00
# Visual Studio Version 17
VisualStudioVersion = 17.11.35222.181
MinimumVisualStudioVersion = 10.0.40219.1
Project("{FAE04EC0-301F-11D3-BF4B-00C04F79EFBC}") = "atvalto_20240926", "atvalto_20240926.csproj", "{7D039B46-D189-4082-AFE0-24B4D5A9B513}"
EndProject
Global
	GlobalSection(SolutionConfigurationPlatforms) = preSolution
		Debug|Any CPU = Debug|Any CPU
		Release|Any CPU = Release|Any CPU
	EndGlobalSection
	GlobalSection(ProjectConfigurationPlatforms) = postSolution
		{7D039B46-D189-4082-AFE0-24B4D5A9B513}.Debug|Any CPU.ActiveCfg = Debug|Any CPU
		{7D039B46-D189-4082-AFE0-24B4D5A9B513}.Debug|Any CPU.Build.0 = Debug|Any CPU
		{7D039B46-D189-4082-AFE0-24B4D5A9B513}.Release|Any CPU.ActiveCfg = Release|Any CPU
		{7D039B46-D189-4082-AFE0-24B4D5A9B513}.Release|Any CPU.Build.0 = Release|Any CPU
	EndGlobalSection
	GlobalSection(SolutionProperties) = preSolution
		HideSolutionNode = FALSE
	EndGlobalSection
	GlobalSection(ExtensibilityGlobals) = postSolution
		SolutionGuid = {10CA120C-0A75-4350-89D5-4CF51C89DAAA}
	EndGlobalSection
EndGlobal
